{
  "name": "whatsapp-automation-saas",
  "version": "1.0.0",
  "lockfileVersion": 3,
  "requires": true,
  "packages": {
    "": {
      "name": "whatsapp-automation-saas",
      "version": "1.0.0",
      "dependencies": {
        "@prisma/client": "^5.22.0"
      }
    },
    "node_modules/@prisma/client": {
      "version": "5.22.0",
      "resolved": "https://registry.npmjs.org/@prisma/client/-/client-5.22.0.tgz",
      "integrity": "sha512-M0SVXfyHnQREBKxCgyo7sffrKttwE6R8PMq330MIUF0pTwjUhLbW84pFDlf06B27XyCR++VtjugEnIHdr07SVA==",
      "hasInstallScript": true,
      "license": "Apache-2.0",
      "engines": {
        "node": ">=16.13"
      },
      "peerDependencies": {
        "prisma": "*"
      },
      "peerDependenciesMeta": {
        "prisma": {
          "optional": true
        }
      }
    },
    "node_modules/@prisma/debug": {
      "version": "5.10.0",
      "license": "Apache-2.0",
      "optional": true
    },
    "node_modules/@prisma/engines": {
      "version": "5.10.0",
      "hasInstallScript": true,
      "license": "Apache-2.0",
      "optional": true,
      "dependencies": {
        "@prisma/debug": "5.10.0",
        "@prisma/engines-version": "5.10.0-34.5a9203d0590c951969e85a7d07215503f4672eb9",
        "@prisma/fetch-engine": "5.10.0",
        "@prisma/get-platform": "5.10.0"
      }
    },
    "node_modules/@prisma/engines-version": {
      "version": "5.10.0-34.5a9203d0590c951969e85a7d07215503f4672eb9",
      "license": "Apache-2.0",
      "optional": true
    },
    "node_modules/@prisma/fetch-engine": {
      "version": "5.10.0",
      "license": "Apache-2.0",
      "optional": true,
      "dependencies": {
        "@prisma/debug": "5.10.0",
        "@prisma/engines-version": "5.10.0-34.5a9203d0590c951969e85a7d07215503f4672eb9",
        "@prisma/get-platform": "5.10.0"
      }
    },
    "node_modules/@prisma/get-platform": {
      "version": "5.10.0",
      "license": "Apache-2.0",
      "optional": true,
      "dependencies": {
        "@prisma/debug": "5.10.0"
      }
    }
  }
}
